
Microsoft Visual Studio Solution File, Format Version 12.00
# Visual Studio Version 17
VisualStudioVersion = 17.2.32630.192
MinimumVisualStudioVersion = 10.0.40219.1
Project("{D954291E-2A0B-460D-934E-DC6B0785DB48}") = "Tutorial2.Shared", "Tutorial2\Tutorial2.Shared\Tutorial2.Shared.shproj", "{6279C845-92F8-4333-AB99-3D213163593C}"
EndProject
Project("{2150E333-8FDC-42A3-9474-1A3956D46DE8}") = "Platforms", "Platforms", "{E9565332-ECC6-45FD-B7FA-FF9F1D2BD840}"
EndProject
Project("{FAE04EC0-301F-11D3-BF4B-00C04F79EFBC}") = "Tutorial2.Droid", "Tutorial2\Tutorial2.Droid\Tutorial2.Droid.csproj", "{4D92DA96-D3EA-4245-9CB8-7EC751534051}"
EndProject
Project("{FAE04EC0-301F-11D3-BF4B-00C04F79EFBC}") = "Tutorial2.iOS", "Tutorial2\Tutorial2.iOS\Tutorial2.iOS.csproj", "{E4F80F96-72A9-4F1E-B4AC-158CD520ACBC}"
EndProject
Project("{FAE04EC0-301F-11D3-BF4B-00C04F79EFBC}") = "Tutorial2.UWP", "Tutorial2\Tutorial2.UWP\Tutorial2.UWP.csproj", "{37C55CCA-D22A-4312-9F83-F9D884213737}"
EndProject
Project("{FAE04EC0-301F-11D3-BF4B-00C04F79EFBC}") = "Tutorial2.Wasm", "Tutorial2\Tutorial2.Wasm\Tutorial2.Wasm.csproj", "{ACB391D1-545C-41CE-81EF-0A89158B5715}"
EndProject
Project("{FAE04EC0-301F-11D3-BF4B-00C04F79EFBC}") = "Tutorial2.macOS", "Tutorial2\Tutorial2.macOS\Tutorial2.macOS.csproj", "{D8F0D0DC-F62E-4AB1-AF4C-B82E6ED9655F}"
EndProject
Project("{FAE04EC0-301F-11D3-BF4B-00C04F79EFBC}") = "Tutorial2.Skia.Wpf.Host", "Tutorial2\Tutorial2.Skia.Wpf.Host\Tutorial2.Skia.Wpf.Host.csproj", "{15CBE249-1376-4B1B-A5A0-BB4349697531}"
EndProject
Project("{FAE04EC0-301F-11D3-BF4B-00C04F79EFBC}") = "Tutorial2.Skia.Wpf", "Tutorial2\Tutorial2.Skia.Wpf\Tutorial2.Skia.Wpf.csproj", "{AD373C60-06B1-4586-8E24-AF38FD342D61}"
EndProject
Project("{FAE04EC0-301F-11D3-BF4B-00C04F79EFBC}") = "Tutorial2.Skia.Gtk", "Tutorial2\Tutorial2.Skia.Gtk\Tutorial2.Skia.Gtk.csproj", "{7FB65FEF-6DFA-4E5F-A7E9-712F6A862BF5}"
EndProject
Project("{FAE04EC0-301F-11D3-BF4B-00C04F79EFBC}") = "Tutorial2.Skia.Tizen", "Tutorial2\Tutorial2.Skia.Tizen\Tutorial2.Skia.Tizen.csproj", "{7F912CC0-8177-4B29-BD3D-8BCC44F320A6}"
EndProject
Global
	GlobalSection(SolutionConfigurationPlatforms) = preSolution
		Ad-Hoc|Any CPU = Ad-Hoc|Any CPU
		Ad-Hoc|ARM = Ad-Hoc|ARM
		Ad-Hoc|ARM64 = Ad-Hoc|ARM64
		Ad-Hoc|iPhone = Ad-Hoc|iPhone
		Ad-Hoc|iPhoneSimulator = Ad-Hoc|iPhoneSimulator
		Ad-Hoc|x64 = Ad-Hoc|x64
		Ad-Hoc|x86 = Ad-Hoc|x86
		AppStore|Any CPU = AppStore|Any CPU
		AppStore|ARM = AppStore|ARM
		AppStore|ARM64 = AppStore|ARM64
		AppStore|iPhone = AppStore|iPhone
		AppStore|iPhoneSimulator = AppStore|iPhoneSimulator
		AppStore|x64 = AppStore|x64
		AppStore|x86 = AppStore|x86
		Debug|Any CPU = Debug|Any CPU
		Debug|ARM = Debug|ARM
		Debug|ARM64 = Debug|ARM64
		Debug|iPhone = Debug|iPhone
		Debug|iPhoneSimulator = Debug|iPhoneSimulator
		Debug|x64 = Debug|x64
		Debug|x86 = Debug|x86
		Release|Any CPU = Release|Any CPU
		Release|ARM = Release|ARM
		Release|ARM64 = Release|ARM64
		Release|iPhone = Release|iPhone
		Release|iPhoneSimulator = Release|iPhoneSimulator
		Release|x64 = Release|x64
		Release|x86 = Release|x86
	EndGlobalSection
	GlobalSection(ProjectConfigurationPlatforms) = postSolution
		{4D92DA96-D3EA-4245-9CB8-7EC751534051}.Ad-Hoc|Any CPU.ActiveCfg = Debug|Any CPU
		{4D92DA96-D3EA-4245-9CB8-7EC751534051}.Ad-Hoc|Any CPU.Build.0 = Debug|Any CPU
		{4D92DA96-D3EA-4245-9CB8-7EC751534051}.Ad-Hoc|Any CPU.Deploy.0 = Debug|Any CPU
		{4D92DA96-D3EA-4245-9CB8-7EC751534051}.Ad-Hoc|ARM.ActiveCfg = Debug|Any CPU
		{4D92DA96-D3EA-4245-9CB8-7EC751534051}.Ad-Hoc|ARM.Build.0 = Debug|Any CPU
		{4D92DA96-D3EA-4245-9CB8-7EC751534051}.Ad-Hoc|ARM.Deploy.0 = Debug|Any CPU
		{4D92DA96-D3EA-4245-9CB8-7EC751534051}.Ad-Hoc|ARM64.ActiveCfg = Debug|Any CPU
		{4D92DA96-D3EA-4245-9CB8-7EC751534051}.Ad-Hoc|ARM64.Build.0 = Debug|Any CPU
		{4D92DA96-D3EA-4245-9CB8-7EC751534051}.Ad-Hoc|ARM64.Deploy.0 = Debug|Any CPU
		{4D92DA96-D3EA-4245-9CB8-7EC751534051}.Ad-Hoc|iPhone.ActiveCfg = Debug|Any CPU
		{4D92DA96-D3EA-4245-9CB8-7EC751534051}.Ad-Hoc|iPhone.Build.0 = Debug|Any CPU
		{4D92DA96-D3EA-4245-9CB8-7EC751534051}.Ad-Hoc|iPhone.Deploy.0 = Debug|Any CPU
		{4D92DA96-D3EA-4245-9CB8-7EC751534051}.Ad-Hoc|iPhoneSimulator.ActiveCfg = Debug|Any CPU
		{4D92DA96-D3EA-4245-9CB8-7EC751534051}.Ad-Hoc|iPhoneSimulator.Build.0 = Debug|Any CPU
		{4D92DA96-D3EA-4245-9CB8-7EC751534051}.Ad-Hoc|iPhoneSimulator.Deploy.0 = Debug|Any CPU
		{4D92DA96-D3EA-4245-9CB8-7EC751534051}.Ad-Hoc|x64.ActiveCfg = Debug|Any CPU
		{4D92DA96-D3EA-4245-9CB8-7EC751534051}.Ad-Hoc|x64.Build.0 = Debug|Any CPU
		{4D92DA96-D3EA-4245-9CB8-7EC751534051}.Ad-Hoc|x64.Deploy.0 = Debug|Any CPU
		{4D92DA96-D3EA-4245-9CB8-7EC751534051}.Ad-Hoc|x86.ActiveCfg = Debug|Any CPU
		{4D92DA96-D3EA-4245-9CB8-7EC751534051}.Ad-Hoc|x86.Build.0 = Debug|Any CPU
		{4D92DA96-D3EA-4245-9CB8-7EC751534051}.Ad-Hoc|x86.Deploy.0 = Debug|Any CPU
		{4D92DA96-D3EA-4245-9CB8-7EC751534051}.AppStore|Any CPU.ActiveCfg = Debug|Any CPU
		{4D92DA96-D3EA-4245-9CB8-7EC751534051}.AppStore|Any CPU.Build.0 = Debug|Any CPU
		{4D92DA96-D3EA-4245-9CB8-7EC751534051}.AppStore|Any CPU.Deploy.0 = Debug|Any CPU
		{4D92DA96-D3EA-4245-9CB8-7EC751534051}.AppStore|ARM.ActiveCfg = Debug|Any CPU
		{4D92DA96-D3EA-4245-9CB8-7EC751534051}.AppStore|ARM.Build.0 = Debug|Any CPU
		{4D92DA96-D3EA-4245-9CB8-7EC751534051}.AppStore|ARM.Deploy.0 = Debug|Any CPU
		{4D92DA96-D3EA-4245-9CB8-7EC751534051}.AppStore|ARM64.ActiveCfg = Debug|Any CPU
		{4D92DA96-D3EA-4245-9CB8-7EC751534051}.AppStore|ARM64.Build.0 = Debug|Any CPU
		{4D92DA96-D3EA-4245-9CB8-7EC751534051}.AppStore|ARM64.Deploy.0 = Debug|Any CPU
		{4D92DA96-D3EA-4245-9CB8-7EC751534051}.AppStore|iPhone.ActiveCfg = Debug|Any CPU
		{4D92DA96-D3EA-4245-9CB8-7EC751534051}.AppStore|iPhone.Build.0 = Debug|Any CPU
		{4D92DA96-D3EA-4245-9CB8-7EC751534051}.AppStore|iPhone.Deploy.0 = Debug|Any CPU
		{4D92DA96-D3EA-4245-9CB8-7EC751534051}.AppStore|iPhoneSimulator.ActiveCfg = Debug|Any CPU
		{4D92DA96-D3EA-4245-9CB8-7EC751534051}.AppStore|iPhoneSimulator.Build.0 = Debug|Any CPU
		{4D92DA96-D3EA-4245-9CB8-7EC751534051}.AppStore|iPhoneSimulator.Deploy.0 = Debug|Any CPU
		{4D92DA96-D3EA-4245-9CB8-7EC751534051}.AppStore|x64.ActiveCfg = Debug|Any CPU
		{4D92DA96-D3EA-4245-9CB8-7EC751534051}.AppStore|x64.Build.0 = Debug|Any CPU
		{4D92DA96-D3EA-4245-9CB8-7EC751534051}.AppStore|x64.Deploy.0 = Debug|Any CPU
		{4D92DA96-D3EA-4245-9CB8-7EC751534051}.AppStore|x86.ActiveCfg = Debug|Any CPU
		{4D92DA96-D3EA-4245-9CB8-7EC751534051}.AppStore|x86.Build.0 = Debug|Any CPU
		{4D92DA96-D3EA-4245-9CB8-7EC751534051}.AppStore|x86.Deploy.0 = Debug|Any CPU
		{4D92DA96-D3EA-4245-9CB8-7EC751534051}.Debug|Any CPU.ActiveCfg = Debug|Any CPU
		{4D92DA96-D3EA-4245-9CB8-7EC751534051}.Debug|Any CPU.Build.0 = Debug|Any CPU
		{4D92DA96-D3EA-4245-9CB8-7EC751534051}.Debug|Any CPU.Deploy.0 = Debug|Any CPU
		{4D92DA96-D3EA-4245-9CB8-7EC751534051}.Debug|ARM.ActiveCfg = Debug|Any CPU
		{4D92DA96-D3EA-4245-9CB8-7EC751534051}.Debug|ARM.Build.0 = Debug|Any CPU
		{4D92DA96-D3EA-4245-9CB8-7EC751534051}.Debug|ARM.Deploy.0 = Debug|Any CPU
		{4D92DA96-D3EA-4245-9CB8-7EC751534051}.Debug|ARM64.ActiveCfg = Debug|Any CPU
		{4D92DA96-D3EA-4245-9CB8-7EC751534051}.Debug|ARM64.Build.0 = Debug|Any CPU
		{4D92DA96-D3EA-4245-9CB8-7EC751534051}.Debug|ARM64.Deploy.0 = Debug|Any CPU
		{4D92DA96-D3EA-4245-9CB8-7EC751534051}.Debug|iPhone.ActiveCfg = Debug|Any CPU
		{4D92DA96-D3EA-4245-9CB8-7EC751534051}.Debug|iPhone.Build.0 = Debug|Any CPU
		{4D92DA96-D3EA-4245-9CB8-7EC751534051}.Debug|iPhone.Deploy.0 = Debug|Any CPU
		{4D92DA96-D3EA-4245-9CB8-7EC751534051}.Debug|iPhoneSimulator.ActiveCfg = Debug|Any CPU
		{4D92DA96-D3EA-4245-9CB8-7EC751534051}.Debug|iPhoneSimulator.Build.0 = Debug|Any CPU
		{4D92DA96-D3EA-4245-9CB8-7EC751534051}.Debug|iPhoneSimulator.Deploy.0 = Debug|Any CPU
		{4D92DA96-D3EA-4245-9CB8-7EC751534051}.Debug|x64.ActiveCfg = Debug|Any CPU
		{4D92DA96-D3EA-4245-9CB8-7EC751534051}.Debug|x64.Build.0 = Debug|Any CPU
		{4D92DA96-D3EA-4245-9CB8-7EC751534051}.Debug|x64.Deploy.0 = Debug|Any CPU
		{4D92DA96-D3EA-4245-9CB8-7EC751534051}.Debug|x86.ActiveCfg = Debug|Any CPU
		{4D92DA96-D3EA-4245-9CB8-7EC751534051}.Debug|x86.Build.0 = Debug|Any CPU
		{4D92DA96-D3EA-4245-9CB8-7EC751534051}.Debug|x86.Deploy.0 = Debug|Any CPU
		{4D92DA96-D3EA-4245-9CB8-7EC751534051}.Release|Any CPU.ActiveCfg = Release|Any CPU
		{4D92DA96-D3EA-4245-9CB8-7EC751534051}.Release|Any CPU.Build.0 = Release|Any CPU
		{4D92DA96-D3EA-4245-9CB8-7EC751534051}.Release|Any CPU.Deploy.0 = Release|Any CPU
		{4D92DA96-D3EA-4245-9CB8-7EC751534051}.Release|ARM.ActiveCfg = Release|Any CPU
		{4D92DA96-D3EA-4245-9CB8-7EC751534051}.Release|ARM.Build.0 = Release|Any CPU
		{4D92DA96-D3EA-4245-9CB8-7EC751534051}.Release|ARM.Deploy.0 = Release|Any CPU
		{4D92DA96-D3EA-4245-9CB8-7EC751534051}.Release|ARM64.ActiveCfg = Release|Any CPU
		{4D92DA96-D3EA-4245-9CB8-7EC751534051}.Release|ARM64.Build.0 = Release|Any CPU
		{4D92DA96-D3EA-4245-9CB8-7EC751534051}.Release|ARM64.Deploy.0 = Release|Any CPU
		{4D92DA96-D3EA-4245-9CB8-7EC751534051}.Release|iPhone.ActiveCfg = Release|Any CPU
		{4D92DA96-D3EA-4245-9CB8-7EC751534051}.Release|iPhone.Build.0 = Release|Any CPU
		{4D92DA96-D3EA-4245-9CB8-7EC751534051}.Release|iPhone.Deploy.0 = Release|Any CPU
		{4D92DA96-D3EA-4245-9CB8-7EC751534051}.Release|iPhoneSimulator.ActiveCfg = Release|Any CPU
		{4D92DA96-D3EA-4245-9CB8-7EC751534051}.Release|iPhoneSimulator.Build.0 = Release|Any CPU
		{4D92DA96-D3EA-4245-9CB8-7EC751534051}.Release|iPhoneSimulator.Deploy.0 = Release|Any CPU
		{4D92DA96-D3EA-4245-9CB8-7EC751534051}.Release|x64.ActiveCfg = Release|Any CPU
		{4D92DA96-D3EA-4245-9CB8-7EC751534051}.Release|x64.Build.0 = Release|Any CPU
		{4D92DA96-D3EA-4245-9CB8-7EC751534051}.Release|x64.Deploy.0 = Release|Any CPU
		{4D92DA96-D3EA-4245-9CB8-7EC751534051}.Release|x86.ActiveCfg = Release|Any CPU
		{4D92DA96-D3EA-4245-9CB8-7EC751534051}.Release|x86.Build.0 = Release|Any CPU
		{4D92DA96-D3EA-4245-9CB8-7EC751534051}.Release|x86.Deploy.0 = Release|Any CPU
		{E4F80F96-72A9-4F1E-B4AC-158CD520ACBC}.Ad-Hoc|Any CPU.ActiveCfg = Ad-Hoc|iPhoneSimulator
		{E4F80F96-72A9-4F1E-B4AC-158CD520ACBC}.Ad-Hoc|Any CPU.Build.0 = Ad-Hoc|iPhoneSimulator
		{E4F80F96-72A9-4F1E-B4AC-158CD520ACBC}.Ad-Hoc|ARM.ActiveCfg = Ad-Hoc|iPhoneSimulator
		{E4F80F96-72A9-4F1E-B4AC-158CD520ACBC}.Ad-Hoc|ARM.Build.0 = Ad-Hoc|iPhoneSimulator
		{E4F80F96-72A9-4F1E-B4AC-158CD520ACBC}.Ad-Hoc|ARM64.ActiveCfg = Ad-Hoc|iPhoneSimulator
		{E4F80F96-72A9-4F1E-B4AC-158CD520ACBC}.Ad-Hoc|ARM64.Build.0 = Ad-Hoc|iPhoneSimulator
		{E4F80F96-72A9-4F1E-B4AC-158CD520ACBC}.Ad-Hoc|iPhone.ActiveCfg = Ad-Hoc|iPhone
		{E4F80F96-72A9-4F1E-B4AC-158CD520ACBC}.Ad-Hoc|iPhone.Build.0 = Ad-Hoc|iPhone
		{E4F80F96-72A9-4F1E-B4AC-158CD520ACBC}.Ad-Hoc|iPhoneSimulator.ActiveCfg = Ad-Hoc|iPhoneSimulator
		{E4F80F96-72A9-4F1E-B4AC-158CD520ACBC}.Ad-Hoc|iPhoneSimulator.Build.0 = Ad-Hoc|iPhoneSimulator
		{E4F80F96-72A9-4F1E-B4AC-158CD520ACBC}.Ad-Hoc|x64.ActiveCfg = Ad-Hoc|iPhoneSimulator
		{E4F80F96-72A9-4F1E-B4AC-158CD520ACBC}.Ad-Hoc|x64.Build.0 = Ad-Hoc|iPhoneSimulator
		{E4F80F96-72A9-4F1E-B4AC-158CD520ACBC}.Ad-Hoc|x86.ActiveCfg = Ad-Hoc|iPhoneSimulator
		{E4F80F96-72A9-4F1E-B4AC-158CD520ACBC}.Ad-Hoc|x86.Build.0 = Ad-Hoc|iPhoneSimulator
		{E4F80F96-72A9-4F1E-B4AC-158CD520ACBC}.AppStore|Any CPU.ActiveCfg = AppStore|iPhoneSimulator
		{E4F80F96-72A9-4F1E-B4AC-158CD520ACBC}.AppStore|Any CPU.Build.0 = AppStore|iPhoneSimulator
		{E4F80F96-72A9-4F1E-B4AC-158CD520ACBC}.AppStore|ARM.ActiveCfg = AppStore|iPhoneSimulator
		{E4F80F96-72A9-4F1E-B4AC-158CD520ACBC}.AppStore|ARM.Build.0 = AppStore|iPhoneSimulator
		{E4F80F96-72A9-4F1E-B4AC-158CD520ACBC}.AppStore|ARM64.ActiveCfg = AppStore|iPhoneSimulator
		{E4F80F96-72A9-4F1E-B4AC-158CD520ACBC}.AppStore|ARM64.Build.0 = AppStore|iPhoneSimulator
		{E4F80F96-72A9-4F1E-B4AC-158CD520ACBC}.AppStore|iPhone.ActiveCfg = AppStore|iPhone
		{E4F80F96-72A9-4F1E-B4AC-158CD520ACBC}.AppStore|iPhone.Build.0 = AppStore|iPhone
		{E4F80F96-72A9-4F1E-B4AC-158CD520ACBC}.AppStore|iPhoneSimulator.ActiveCfg = AppStore|iPhoneSimulator
		{E4F80F96-72A9-4F1E-B4AC-158CD520ACBC}.AppStore|iPhoneSimulator.Build.0 = AppStore|iPhoneSimulator
		{E4F80F96-72A9-4F1E-B4AC-158CD520ACBC}.AppStore|x64.ActiveCfg = AppStore|iPhoneSimulator
		{E4F80F96-72A9-4F1E-B4AC-158CD520ACBC}.AppStore|x64.Build.0 = AppStore|iPhoneSimulator
		{E4F80F96-72A9-4F1E-B4AC-158CD520ACBC}.AppStore|x86.ActiveCfg = AppStore|iPhoneSimulator
		{E4F80F96-72A9-4F1E-B4AC-158CD520ACBC}.AppStore|x86.Build.0 = AppStore|iPhoneSimulator
		{E4F80F96-72A9-4F1E-B4AC-158CD520ACBC}.Debug|Any CPU.ActiveCfg = Debug|iPhoneSimulator
		{E4F80F96-72A9-4F1E-B4AC-158CD520ACBC}.Debug|Any CPU.Build.0 = Debug|iPhoneSimulator
		{E4F80F96-72A9-4F1E-B4AC-158CD520ACBC}.Debug|ARM.ActiveCfg = Debug|iPhoneSimulator
		{E4F80F96-72A9-4F1E-B4AC-158CD520ACBC}.Debug|ARM.Build.0 = Debug|iPhoneSimulator
		{E4F80F96-72A9-4F1E-B4AC-158CD520ACBC}.Debug|ARM64.ActiveCfg = Debug|iPhoneSimulator
		{E4F80F96-72A9-4F1E-B4AC-158CD520ACBC}.Debug|ARM64.Build.0 = Debug|iPhoneSimulator
		{E4F80F96-72A9-4F1E-B4AC-158CD520ACBC}.Debug|iPhone.ActiveCfg = Debug|iPhone
		{E4F80F96-72A9-4F1E-B4AC-158CD520ACBC}.Debug|iPhone.Build.0 = Debug|iPhone
		{E4F80F96-72A9-4F1E-B4AC-158CD520ACBC}.Debug|iPhoneSimulator.ActiveCfg = Debug|iPhoneSimulator
		{E4F80F96-72A9-4F1E-B4AC-158CD520ACBC}.Debug|iPhoneSimulator.Build.0 = Debug|iPhoneSimulator
		{E4F80F96-72A9-4F1E-B4AC-158CD520ACBC}.Debug|x64.ActiveCfg = Debug|iPhoneSimulator
		{E4F80F96-72A9-4F1E-B4AC-158CD520ACBC}.Debug|x64.Build.0 = Debug|iPhoneSimulator
		{E4F80F96-72A9-4F1E-B4AC-158CD520ACBC}.Debug|x86.ActiveCfg = Debug|iPhoneSimulator
		{E4F80F96-72A9-4F1E-B4AC-158CD520ACBC}.Debug|x86.Build.0 = Debug|iPhoneSimulator
		{E4F80F96-72A9-4F1E-B4AC-158CD520ACBC}.Release|Any CPU.ActiveCfg = Release|iPhoneSimulator
		{E4F80F96-72A9-4F1E-B4AC-158CD520ACBC}.Release|Any CPU.Build.0 = Release|iPhoneSimulator
		{E4F80F96-72A9-4F1E-B4AC-158CD520ACBC}.Release|ARM.ActiveCfg = Release|iPhoneSimulator
		{E4F80F96-72A9-4F1E-B4AC-158CD520ACBC}.Release|ARM.Build.0 = Release|iPhoneSimulator
		{E4F80F96-72A9-4F1E-B4AC-158CD520ACBC}.Release|ARM64.ActiveCfg = Release|iPhoneSimulator
		{E4F80F96-72A9-4F1E-B4AC-158CD520ACBC}.Release|ARM64.Build.0 = Release|iPhoneSimulator
		{E4F80F96-72A9-4F1E-B4AC-158CD520ACBC}.Release|iPhone.ActiveCfg = Release|iPhone
		{E4F80F96-72A9-4F1E-B4AC-158CD520ACBC}.Release|iPhone.Build.0 = Release|iPhone
		{E4F80F96-72A9-4F1E-B4AC-158CD520ACBC}.Release|iPhoneSimulator.ActiveCfg = Release|iPhoneSimulator
		{E4F80F96-72A9-4F1E-B4AC-158CD520ACBC}.Release|iPhoneSimulator.Build.0 = Release|iPhoneSimulator
		{E4F80F96-72A9-4F1E-B4AC-158CD520ACBC}.Release|x64.ActiveCfg = Release|iPhoneSimulator
		{E4F80F96-72A9-4F1E-B4AC-158CD520ACBC}.Release|x64.Build.0 = Release|iPhoneSimulator
		{E4F80F96-72A9-4F1E-B4AC-158CD520ACBC}.Release|x86.ActiveCfg = Release|iPhoneSimulator
		{E4F80F96-72A9-4F1E-B4AC-158CD520ACBC}.Release|x86.Build.0 = Release|iPhoneSimulator
		{37C55CCA-D22A-4312-9F83-F9D884213737}.Ad-Hoc|Any CPU.ActiveCfg = Debug|x64
		{37C55CCA-D22A-4312-9F83-F9D884213737}.Ad-Hoc|Any CPU.Build.0 = Debug|x64
		{37C55CCA-D22A-4312-9F83-F9D884213737}.Ad-Hoc|Any CPU.Deploy.0 = Debug|x64
		{37C55CCA-D22A-4312-9F83-F9D884213737}.Ad-Hoc|ARM.ActiveCfg = Debug|ARM
		{37C55CCA-D22A-4312-9F83-F9D884213737}.Ad-Hoc|ARM.Build.0 = Debug|ARM
		{37C55CCA-D22A-4312-9F83-F9D884213737}.Ad-Hoc|ARM.Deploy.0 = Debug|ARM
		{37C55CCA-D22A-4312-9F83-F9D884213737}.Ad-Hoc|ARM64.ActiveCfg = Debug|ARM64
		{37C55CCA-D22A-4312-9F83-F9D884213737}.Ad-Hoc|ARM64.Build.0 = Debug|ARM64
		{37C55CCA-D22A-4312-9F83-F9D884213737}.Ad-Hoc|ARM64.Deploy.0 = Debug|ARM64
		{37C55CCA-D22A-4312-9F83-F9D884213737}.Ad-Hoc|iPhone.ActiveCfg = Debug|x64
		{37C55CCA-D22A-4312-9F83-F9D884213737}.Ad-Hoc|iPhone.Build.0 = Debug|x64
		{37C55CCA-D22A-4312-9F83-F9D884213737}.Ad-Hoc|iPhone.Deploy.0 = Debug|x64
		{37C55CCA-D22A-4312-9F83-F9D884213737}.Ad-Hoc|iPhoneSimulator.ActiveCfg = Debug|x64
		{37C55CCA-D22A-4312-9F83-F9D884213737}.Ad-Hoc|iPhoneSimulator.Build.0 = Debug|x64
		{37C55CCA-D22A-4312-9F83-F9D884213737}.Ad-Hoc|iPhoneSimulator.Deploy.0 = Debug|x64
		{37C55CCA-D22A-4312-9F83-F9D884213737}.Ad-Hoc|x64.ActiveCfg = Debug|x64
		{37C55CCA-D22A-4312-9F83-F9D884213737}.Ad-Hoc|x64.Build.0 = Debug|x64
		{37C55CCA-D22A-4312-9F83-F9D884213737}.Ad-Hoc|x64.Deploy.0 = Debug|x64
		{37C55CCA-D22A-4312-9F83-F9D884213737}.Ad-Hoc|x86.ActiveCfg = Debug|x86
		{37C55CCA-D22A-4312-9F83-F9D884213737}.Ad-Hoc|x86.Build.0 = Debug|x86
		{37C55CCA-D22A-4312-9F83-F9D884213737}.Ad-Hoc|x86.Deploy.0 = Debug|x86
		{37C55CCA-D22A-4312-9F83-F9D884213737}.AppStore|Any CPU.ActiveCfg = Debug|x64
		{37C55CCA-D22A-4312-9F83-F9D884213737}.AppStore|Any CPU.Build.0 = Debug|x64
		{37C55CCA-D22A-4312-9F83-F9D884213737}.AppStore|Any CPU.Deploy.0 = Debug|x64
		{37C55CCA-D22A-4312-9F83-F9D884213737}.AppStore|ARM.ActiveCfg = Debug|ARM
		{37C55CCA-D22A-4312-9F83-F9D884213737}.AppStore|ARM.Build.0 = Debug|ARM
		{37C55CCA-D22A-4312-9F83-F9D884213737}.AppStore|ARM.Deploy.0 = Debug|ARM
		{37C55CCA-D22A-4312-9F83-F9D884213737}.AppStore|ARM64.ActiveCfg = Debug|ARM64
		{37C55CCA-D22A-4312-9F83-F9D884213737}.AppStore|ARM64.Build.0 = Debug|ARM64
		{37C55CCA-D22A-4312-9F83-F9D884213737}.AppStore|ARM64.Deploy.0 = Debug|ARM64
		{37C55CCA-D22A-4312-9F83-F9D884213737}.AppStore|iPhone.ActiveCfg = Debug|x64
		{37C55CCA-D22A-4312-9F83-F9D884213737}.AppStore|iPhone.Build.0 = Debug|x64
		{37C55CCA-D22A-4312-9F83-F9D884213737}.AppStore|iPhone.Deploy.0 = Debug|x64
		{37C55CCA-D22A-4312-9F83-F9D884213737}.AppStore|iPhoneSimulator.ActiveCfg = Debug|x64
		{37C55CCA-D22A-4312-9F83-F9D884213737}.AppStore|iPhoneSimulator.Build.0 = Debug|x64
		{37C55CCA-D22A-4312-9F83-F9D884213737}.AppStore|iPhoneSimulator.Deploy.0 = Debug|x64
		{37C55CCA-D22A-4312-9F83-F9D884213737}.AppStore|x64.ActiveCfg = Debug|x64
		{37C55CCA-D22A-4312-9F83-F9D884213737}.AppStore|x64.Build.0 = Debug|x64
		{37C55CCA-D22A-4312-9F83-F9D884213737}.AppStore|x64.Deploy.0 = Debug|x64
		{37C55CCA-D22A-4312-9F83-F9D884213737}.AppStore|x86.ActiveCfg = Debug|x86
		{37C55CCA-D22A-4312-9F83-F9D884213737}.AppStore|x86.Build.0 = Debug|x86
		{37C55CCA-D22A-4312-9F83-F9D884213737}.AppStore|x86.Deploy.0 = Debug|x86
		{37C55CCA-D22A-4312-9F83-F9D884213737}.Debug|Any CPU.ActiveCfg = Debug|x64
		{37C55CCA-D22A-4312-9F83-F9D884213737}.Debug|Any CPU.Build.0 = Debug|x64
		{37C55CCA-D22A-4312-9F83-F9D884213737}.Debug|Any CPU.Deploy.0 = Debug|x64
		{37C55CCA-D22A-4312-9F83-F9D884213737}.Debug|ARM.ActiveCfg = Debug|ARM
		{37C55CCA-D22A-4312-9F83-F9D884213737}.Debug|ARM.Build.0 = Debug|ARM
		{37C55CCA-D22A-4312-9F83-F9D884213737}.Debug|ARM.Deploy.0 = Debug|ARM
		{37C55CCA-D22A-4312-9F83-F9D884213737}.Debug|ARM64.ActiveCfg = Debug|ARM64
		{37C55CCA-D22A-4312-9F83-F9D884213737}.Debug|ARM64.Build.0 = Debug|ARM64
		{37C55CCA-D22A-4312-9F83-F9D884213737}.Debug|ARM64.Deploy.0 = Debug|ARM64
		{37C55CCA-D22A-4312-9F83-F9D884213737}.Debug|iPhone.ActiveCfg = Debug|x64
		{37C55CCA-D22A-4312-9F83-F9D884213737}.Debug|iPhone.Build.0 = Debug|x64
		{37C55CCA-D22A-4312-9F83-F9D884213737}.Debug|iPhone.Deploy.0 = Debug|x64
		{37C55CCA-D22A-4312-9F83-F9D884213737}.Debug|iPhoneSimulator.ActiveCfg = Debug|x64
		{37C55CCA-D22A-4312-9F83-F9D884213737}.Debug|iPhoneSimulator.Build.0 = Debug|x64
		{37C55CCA-D22A-4312-9F83-F9D884213737}.Debug|iPhoneSimulator.Deploy.0 = Debug|x64
		{37C55CCA-D22A-4312-9F83-F9D884213737}.Debug|x64.ActiveCfg = Debug|x64
		{37C55CCA-D22A-4312-9F83-F9D884213737}.Debug|x64.Build.0 = Debug|x64
		{37C55CCA-D22A-4312-9F83-F9D884213737}.Debug|x64.Deploy.0 = Debug|x64
		{37C55CCA-D22A-4312-9F83-F9D884213737}.Debug|x86.ActiveCfg = Debug|x86
		{37C55CCA-D22A-4312-9F83-F9D884213737}.Debug|x86.Build.0 = Debug|x86
		{37C55CCA-D22A-4312-9F83-F9D884213737}.Debug|x86.Deploy.0 = Debug|x86
		{37C55CCA-D22A-4312-9F83-F9D884213737}.Release|Any CPU.ActiveCfg = Release|x64
		{37C55CCA-D22A-4312-9F83-F9D884213737}.Release|Any CPU.Build.0 = Release|x64
		{37C55CCA-D22A-4312-9F83-F9D884213737}.Release|Any CPU.Deploy.0 = Release|x64
		{37C55CCA-D22A-4312-9F83-F9D884213737}.Release|ARM.ActiveCfg = Release|ARM
		{37C55CCA-D22A-4312-9F83-F9D884213737}.Release|ARM.Build.0 = Release|ARM
		{37C55CCA-D22A-4312-9F83-F9D884213737}.Release|ARM.Deploy.0 = Release|ARM
		{37C55CCA-D22A-4312-9F83-F9D884213737}.Release|ARM64.ActiveCfg = Release|ARM64
		{37C55CCA-D22A-4312-9F83-F9D884213737}.Release|ARM64.Build.0 = Release|ARM64
		{37C55CCA-D22A-4312-9F83-F9D884213737}.Release|ARM64.Deploy.0 = Release|ARM64
		{37C55CCA-D22A-4312-9F83-F9D884213737}.Release|iPhone.ActiveCfg = Release|x64
		{37C55CCA-D22A-4312-9F83-F9D884213737}.Release|iPhone.Build.0 = Release|x64
		{37C55CCA-D22A-4312-9F83-F9D884213737}.Release|iPhone.Deploy.0 = Release|x64
		{37C55CCA-D22A-4312-9F83-F9D884213737}.Release|iPhoneSimulator.ActiveCfg = Release|x64
		{37C55CCA-D22A-4312-9F83-F9D884213737}.Release|iPhoneSimulator.Build.0 = Release|x64
		{37C55CCA-D22A-4312-9F83-F9D884213737}.Release|iPhoneSimulator.Deploy.0 = Release|x64
		{37C55CCA-D22A-4312-9F83-F9D884213737}.Release|x64.ActiveCfg = Release|x64
		{37C55CCA-D22A-4312-9F83-F9D884213737}.Release|x64.Build.0 = Release|x64
		{37C55CCA-D22A-4312-9F83-F9D884213737}.Release|x64.Deploy.0 = Release|x64
		{37C55CCA-D22A-4312-9F83-F9D884213737}.Release|x86.ActiveCfg = Release|x86
		{37C55CCA-D22A-4312-9F83-F9D884213737}.Release|x86.Build.0 = Release|x86
		{37C55CCA-D22A-4312-9F83-F9D884213737}.Release|x86.Deploy.0 = Release|x86
		{ACB391D1-545C-41CE-81EF-0A89158B5715}.Ad-Hoc|Any CPU.ActiveCfg = Debug|Any CPU
		{ACB391D1-545C-41CE-81EF-0A89158B5715}.Ad-Hoc|Any CPU.Build.0 = Debug|Any CPU
		{ACB391D1-545C-41CE-81EF-0A89158B5715}.Ad-Hoc|ARM.ActiveCfg = Debug|Any CPU
		{ACB391D1-545C-41CE-81EF-0A89158B5715}.Ad-Hoc|ARM.Build.0 = Debug|Any CPU
		{ACB391D1-545C-41CE-81EF-0A89158B5715}.Ad-Hoc|ARM64.ActiveCfg = Debug|Any CPU
		{ACB391D1-545C-41CE-81EF-0A89158B5715}.Ad-Hoc|ARM64.Build.0 = Debug|Any CPU
		{ACB391D1-545C-41CE-81EF-0A89158B5715}.Ad-Hoc|iPhone.ActiveCfg = Debug|Any CPU
		{ACB391D1-545C-41CE-81EF-0A89158B5715}.Ad-Hoc|iPhone.Build.0 = Debug|Any CPU
		{ACB391D1-545C-41CE-81EF-0A89158B5715}.Ad-Hoc|iPhoneSimulator.ActiveCfg = Debug|Any CPU
		{ACB391D1-545C-41CE-81EF-0A89158B5715}.Ad-Hoc|iPhoneSimulator.Build.0 = Debug|Any CPU
		{ACB391D1-545C-41CE-81EF-0A89158B5715}.Ad-Hoc|x64.ActiveCfg = Debug|Any CPU
		{ACB391D1-545C-41CE-81EF-0A89158B5715}.Ad-Hoc|x64.Build.0 = Debug|Any CPU
		{ACB391D1-545C-41CE-81EF-0A89158B5715}.Ad-Hoc|x86.ActiveCfg = Debug|Any CPU
		{ACB391D1-545C-41CE-81EF-0A89158B5715}.Ad-Hoc|x86.Build.0 = Debug|Any CPU
		{ACB391D1-545C-41CE-81EF-0A89158B5715}.AppStore|Any CPU.ActiveCfg = Debug|Any CPU
		{ACB391D1-545C-41CE-81EF-0A89158B5715}.AppStore|Any CPU.Build.0 = Debug|Any CPU
		{ACB391D1-545C-41CE-81EF-0A89158B5715}.AppStore|ARM.ActiveCfg = Debug|Any CPU
		{ACB391D1-545C-41CE-81EF-0A89158B5715}.AppStore|ARM.Build.0 = Debug|Any CPU
		{ACB391D1-545C-41CE-81EF-0A89158B5715}.AppStore|ARM64.ActiveCfg = Debug|Any CPU
		{ACB391D1-545C-41CE-81EF-0A89158B5715}.AppStore|ARM64.Build.0 = Debug|Any CPU
		{ACB391D1-545C-41CE-81EF-0A89158B5715}.AppStore|iPhone.ActiveCfg = Debug|Any CPU
		{ACB391D1-545C-41CE-81EF-0A89158B5715}.AppStore|iPhone.Build.0 = Debug|Any CPU
		{ACB391D1-545C-41CE-81EF-0A89158B5715}.AppStore|iPhoneSimulator.ActiveCfg = Debug|Any CPU
		{ACB391D1-545C-41CE-81EF-0A89158B5715}.AppStore|iPhoneSimulator.Build.0 = Debug|Any CPU
		{ACB391D1-545C-41CE-81EF-0A89158B5715}.AppStore|x64.ActiveCfg = Debug|Any CPU
		{ACB391D1-545C-41CE-81EF-0A89158B5715}.AppStore|x64.Build.0 = Debug|Any CPU
		{ACB391D1-545C-41CE-81EF-0A89158B5715}.AppStore|x86.ActiveCfg = Debug|Any CPU
		{ACB391D1-545C-41CE-81EF-0A89158B5715}.AppStore|x86.Build.0 = Debug|Any CPU
		{ACB391D1-545C-41CE-81EF-0A89158B5715}.Debug|Any CPU.ActiveCfg = Debug|Any CPU
		{ACB391D1-545C-41CE-81EF-0A89158B5715}.Debug|Any CPU.Build.0 = Debug|Any CPU
		{ACB391D1-545C-41CE-81EF-0A89158B5715}.Debug|ARM.ActiveCfg = Debug|Any CPU
		{ACB391D1-545C-41CE-81EF-0A89158B5715}.Debug|ARM.Build.0 = Debug|Any CPU
		{ACB391D1-545C-41CE-81EF-0A89158B5715}.Debug|ARM64.ActiveCfg = Debug|Any CPU
		{ACB391D1-545C-41CE-81EF-0A89158B5715}.Debug|ARM64.Build.0 = Debug|Any CPU
		{ACB391D1-545C-41CE-81EF-0A89158B5715}.Debug|iPhone.ActiveCfg = Debug|Any CPU
		{ACB391D1-545C-41CE-81EF-0A89158B5715}.Debug|iPhone.Build.0 = Debug|Any CPU
		{ACB391D1-545C-41CE-81EF-0A89158B5715}.Debug|iPhoneSimulator.ActiveCfg = Debug|Any CPU
		{ACB391D1-545C-41CE-81EF-0A89158B5715}.Debug|iPhoneSimulator.Build.0 = Debug|Any CPU
		{ACB391D1-545C-41CE-81EF-0A89158B5715}.Debug|x64.ActiveCfg = Debug|Any CPU
		{ACB391D1-545C-41CE-81EF-0A89158B5715}.Debug|x64.Build.0 = Debug|Any CPU
		{ACB391D1-545C-41CE-81EF-0A89158B5715}.Debug|x86.ActiveCfg = Debug|Any CPU
		{ACB391D1-545C-41CE-81EF-0A89158B5715}.Debug|x86.Build.0 = Debug|Any CPU
		{ACB391D1-545C-41CE-81EF-0A89158B5715}.Release|Any CPU.ActiveCfg = Release|Any CPU
		{ACB391D1-545C-41CE-81EF-0A89158B5715}.Release|Any CPU.Build.0 = Release|Any CPU
		{ACB391D1-545C-41CE-81EF-0A89158B5715}.Release|ARM.ActiveCfg = Release|Any CPU
		{ACB391D1-545C-41CE-81EF-0A89158B5715}.Release|ARM.Build.0 = Release|Any CPU
		{ACB391D1-545C-41CE-81EF-0A89158B5715}.Release|ARM64.ActiveCfg = Release|Any CPU
		{ACB391D1-545C-41CE-81EF-0A89158B5715}.Release|ARM64.Build.0 = Release|Any CPU
		{ACB391D1-545C-41CE-81EF-0A89158B5715}.Release|iPhone.ActiveCfg = Release|Any CPU
		{ACB391D1-545C-41CE-81EF-0A89158B5715}.Release|iPhone.Build.0 = Release|Any CPU
		{ACB391D1-545C-41CE-81EF-0A89158B5715}.Release|iPhoneSimulator.ActiveCfg = Release|Any CPU
		{ACB391D1-545C-41CE-81EF-0A89158B5715}.Release|iPhoneSimulator.Build.0 = Release|Any CPU
		{ACB391D1-545C-41CE-81EF-0A89158B5715}.Release|x64.ActiveCfg = Release|Any CPU
		{ACB391D1-545C-41CE-81EF-0A89158B5715}.Release|x64.Build.0 = Release|Any CPU
		{ACB391D1-545C-41CE-81EF-0A89158B5715}.Release|x86.ActiveCfg = Release|Any CPU
		{ACB391D1-545C-41CE-81EF-0A89158B5715}.Release|x86.Build.0 = Release|Any CPU
		{D8F0D0DC-F62E-4AB1-AF4C-B82E6ED9655F}.Ad-Hoc|Any CPU.ActiveCfg = Debug|iPhoneSimulator
		{D8F0D0DC-F62E-4AB1-AF4C-B82E6ED9655F}.Ad-Hoc|Any CPU.Build.0 = Debug|iPhoneSimulator
		{D8F0D0DC-F62E-4AB1-AF4C-B82E6ED9655F}.Ad-Hoc|ARM.ActiveCfg = Debug|iPhoneSimulator
		{D8F0D0DC-F62E-4AB1-AF4C-B82E6ED9655F}.Ad-Hoc|ARM.Build.0 = Debug|iPhoneSimulator
		{D8F0D0DC-F62E-4AB1-AF4C-B82E6ED9655F}.Ad-Hoc|ARM64.ActiveCfg = Debug|iPhoneSimulator
		{D8F0D0DC-F62E-4AB1-AF4C-B82E6ED9655F}.Ad-Hoc|ARM64.Build.0 = Debug|iPhoneSimulator
		{D8F0D0DC-F62E-4AB1-AF4C-B82E6ED9655F}.Ad-Hoc|iPhone.ActiveCfg = Debug|iPhoneSimulator
		{D8F0D0DC-F62E-4AB1-AF4C-B82E6ED9655F}.Ad-Hoc|iPhone.Build.0 = Debug|iPhoneSimulator
		{D8F0D0DC-F62E-4AB1-AF4C-B82E6ED9655F}.Ad-Hoc|iPhoneSimulator.ActiveCfg = Debug|iPhoneSimulator
		{D8F0D0DC-F62E-4AB1-AF4C-B82E6ED9655F}.Ad-Hoc|iPhoneSimulator.Build.0 = Debug|iPhoneSimulator
		{D8F0D0DC-F62E-4AB1-AF4C-B82E6ED9655F}.Ad-Hoc|x64.ActiveCfg = Debug|iPhoneSimulator
		{D8F0D0DC-F62E-4AB1-AF4C-B82E6ED9655F}.Ad-Hoc|x64.Build.0 = Debug|iPhoneSimulator
		{D8F0D0DC-F62E-4AB1-AF4C-B82E6ED9655F}.Ad-Hoc|x86.ActiveCfg = Debug|iPhoneSimulator
		{D8F0D0DC-F62E-4AB1-AF4C-B82E6ED9655F}.Ad-Hoc|x86.Build.0 = Debug|iPhoneSimulator
		{D8F0D0DC-F62E-4AB1-AF4C-B82E6ED9655F}.AppStore|Any CPU.ActiveCfg = Debug|iPhoneSimulator
		{D8F0D0DC-F62E-4AB1-AF4C-B82E6ED9655F}.AppStore|Any CPU.Build.0 = Debug|iPhoneSimulator
		{D8F0D0DC-F62E-4AB1-AF4C-B82E6ED9655F}.AppStore|ARM.ActiveCfg = Debug|iPhoneSimulator
		{D8F0D0DC-F62E-4AB1-AF4C-B82E6ED9655F}.AppStore|ARM.Build.0 = Debug|iPhoneSimulator
		{D8F0D0DC-F62E-4AB1-AF4C-B82E6ED9655F}.AppStore|ARM64.ActiveCfg = Debug|iPhoneSimulator
		{D8F0D0DC-F62E-4AB1-AF4C-B82E6ED9655F}.AppStore|ARM64.Build.0 = Debug|iPhoneSimulator
		{D8F0D0DC-F62E-4AB1-AF4C-B82E6ED9655F}.AppStore|iPhone.ActiveCfg = Debug|iPhoneSimulator
		{D8F0D0DC-F62E-4AB1-AF4C-B82E6ED9655F}.AppStore|iPhone.Build.0 = Debug|iPhoneSimulator
		{D8F0D0DC-F62E-4AB1-AF4C-B82E6ED9655F}.AppStore|iPhoneSimulator.ActiveCfg = Debug|iPhoneSimulator
		{D8F0D0DC-F62E-4AB1-AF4C-B82E6ED9655F}.AppStore|iPhoneSimulator.Build.0 = Debug|iPhoneSimulator
		{D8F0D0DC-F62E-4AB1-AF4C-B82E6ED9655F}.AppStore|x64.ActiveCfg = Debug|iPhoneSimulator
		{D8F0D0DC-F62E-4AB1-AF4C-B82E6ED9655F}.AppStore|x64.Build.0 = Debug|iPhoneSimulator
		{D8F0D0DC-F62E-4AB1-AF4C-B82E6ED9655F}.AppStore|x86.ActiveCfg = Debug|iPhoneSimulator
		{D8F0D0DC-F62E-4AB1-AF4C-B82E6ED9655F}.AppStore|x86.Build.0 = Debug|iPhoneSimulator
		{D8F0D0DC-F62E-4AB1-AF4C-B82E6ED9655F}.Debug|Any CPU.ActiveCfg = Debug|iPhoneSimulator
		{D8F0D0DC-F62E-4AB1-AF4C-B82E6ED9655F}.Debug|Any CPU.Build.0 = Debug|iPhoneSimulator
		{D8F0D0DC-F62E-4AB1-AF4C-B82E6ED9655F}.Debug|ARM.ActiveCfg = Debug|iPhoneSimulator
		{D8F0D0DC-F62E-4AB1-AF4C-B82E6ED9655F}.Debug|ARM.Build.0 = Debug|iPhoneSimulator
		{D8F0D0DC-F62E-4AB1-AF4C-B82E6ED9655F}.Debug|ARM64.ActiveCfg = Debug|iPhoneSimulator
		{D8F0D0DC-F62E-4AB1-AF4C-B82E6ED9655F}.Debug|ARM64.Build.0 = Debug|iPhoneSimulator
		{D8F0D0DC-F62E-4AB1-AF4C-B82E6ED9655F}.Debug|iPhone.ActiveCfg = Debug|iPhoneSimulator
		{D8F0D0DC-F62E-4AB1-AF4C-B82E6ED9655F}.Debug|iPhone.Build.0 = Debug|iPhoneSimulator
		{D8F0D0DC-F62E-4AB1-AF4C-B82E6ED9655F}.Debug|iPhoneSimulator.ActiveCfg = Debug|iPhoneSimulator
		{D8F0D0DC-F62E-4AB1-AF4C-B82E6ED9655F}.Debug|iPhoneSimulator.Build.0 = Debug|iPhoneSimulator
		{D8F0D0DC-F62E-4AB1-AF4C-B82E6ED9655F}.Debug|x64.ActiveCfg = Debug|iPhoneSimulator
		{D8F0D0DC-F62E-4AB1-AF4C-B82E6ED9655F}.Debug|x64.Build.0 = Debug|iPhoneSimulator
		{D8F0D0DC-F62E-4AB1-AF4C-B82E6ED9655F}.Debug|x86.ActiveCfg = Debug|iPhoneSimulator
		{D8F0D0DC-F62E-4AB1-AF4C-B82E6ED9655F}.Debug|x86.Build.0 = Debug|iPhoneSimulator
		{D8F0D0DC-F62E-4AB1-AF4C-B82E6ED9655F}.Release|Any CPU.ActiveCfg = Release|iPhoneSimulator
		{D8F0D0DC-F62E-4AB1-AF4C-B82E6ED9655F}.Release|Any CPU.Build.0 = Release|iPhoneSimulator
		{D8F0D0DC-F62E-4AB1-AF4C-B82E6ED9655F}.Release|ARM.ActiveCfg = Release|iPhoneSimulator
		{D8F0D0DC-F62E-4AB1-AF4C-B82E6ED9655F}.Release|ARM.Build.0 = Release|iPhoneSimulator
		{D8F0D0DC-F62E-4AB1-AF4C-B82E6ED9655F}.Release|ARM64.ActiveCfg = Release|iPhoneSimulator
		{D8F0D0DC-F62E-4AB1-AF4C-B82E6ED9655F}.Release|ARM64.Build.0 = Release|iPhoneSimulator
		{D8F0D0DC-F62E-4AB1-AF4C-B82E6ED9655F}.Release|iPhone.ActiveCfg = Release|iPhoneSimulator
		{D8F0D0DC-F62E-4AB1-AF4C-B82E6ED9655F}.Release|iPhone.Build.0 = Release|iPhoneSimulator
		{D8F0D0DC-F62E-4AB1-AF4C-B82E6ED9655F}.Release|iPhoneSimulator.ActiveCfg = Release|iPhoneSimulator
		{D8F0D0DC-F62E-4AB1-AF4C-B82E6ED9655F}.Release|iPhoneSimulator.Build.0 = Release|iPhoneSimulator
		{D8F0D0DC-F62E-4AB1-AF4C-B82E6ED9655F}.Release|x64.ActiveCfg = Release|iPhoneSimulator
		{D8F0D0DC-F62E-4AB1-AF4C-B82E6ED9655F}.Release|x64.Build.0 = Release|iPhoneSimulator
		{D8F0D0DC-F62E-4AB1-AF4C-B82E6ED9655F}.Release|x86.ActiveCfg = Release|iPhoneSimulator
		{D8F0D0DC-F62E-4AB1-AF4C-B82E6ED9655F}.Release|x86.Build.0 = Release|iPhoneSimulator
		{15CBE249-1376-4B1B-A5A0-BB4349697531}.Ad-Hoc|Any CPU.ActiveCfg = Debug|Any CPU
		{15CBE249-1376-4B1B-A5A0-BB4349697531}.Ad-Hoc|Any CPU.Build.0 = Debug|Any CPU
		{15CBE249-1376-4B1B-A5A0-BB4349697531}.Ad-Hoc|ARM.ActiveCfg = Debug|Any CPU
		{15CBE249-1376-4B1B-A5A0-BB4349697531}.Ad-Hoc|ARM.Build.0 = Debug|Any CPU
		{15CBE249-1376-4B1B-A5A0-BB4349697531}.Ad-Hoc|ARM64.ActiveCfg = Debug|Any CPU
		{15CBE249-1376-4B1B-A5A0-BB4349697531}.Ad-Hoc|ARM64.Build.0 = Debug|Any CPU
		{15CBE249-1376-4B1B-A5A0-BB4349697531}.Ad-Hoc|iPhone.ActiveCfg = Debug|Any CPU
		{15CBE249-1376-4B1B-A5A0-BB4349697531}.Ad-Hoc|iPhone.Build.0 = Debug|Any CPU
		{15CBE249-1376-4B1B-A5A0-BB4349697531}.Ad-Hoc|iPhoneSimulator.ActiveCfg = Debug|Any CPU
		{15CBE249-1376-4B1B-A5A0-BB4349697531}.Ad-Hoc|iPhoneSimulator.Build.0 = Debug|Any CPU
		{15CBE249-1376-4B1B-A5A0-BB4349697531}.Ad-Hoc|x64.ActiveCfg = Debug|Any CPU
		{15CBE249-1376-4B1B-A5A0-BB4349697531}.Ad-Hoc|x64.Build.0 = Debug|Any CPU
		{15CBE249-1376-4B1B-A5A0-BB4349697531}.Ad-Hoc|x86.ActiveCfg = Debug|Any CPU
		{15CBE249-1376-4B1B-A5A0-BB4349697531}.Ad-Hoc|x86.Build.0 = Debug|Any CPU
		{15CBE249-1376-4B1B-A5A0-BB4349697531}.AppStore|Any CPU.ActiveCfg = Debug|Any CPU
		{15CBE249-1376-4B1B-A5A0-BB4349697531}.AppStore|Any CPU.Build.0 = Debug|Any CPU
		{15CBE249-1376-4B1B-A5A0-BB4349697531}.AppStore|ARM.ActiveCfg = Debug|Any CPU
		{15CBE249-1376-4B1B-A5A0-BB4349697531}.AppStore|ARM.Build.0 = Debug|Any CPU
		{15CBE249-1376-4B1B-A5A0-BB4349697531}.AppStore|ARM64.ActiveCfg = Debug|Any CPU
		{15CBE249-1376-4B1B-A5A0-BB4349697531}.AppStore|ARM64.Build.0 = Debug|Any CPU
		{15CBE249-1376-4B1B-A5A0-BB4349697531}.AppStore|iPhone.ActiveCfg = Debug|Any CPU
		{15CBE249-1376-4B1B-A5A0-BB4349697531}.AppStore|iPhone.Build.0 = Debug|Any CPU
		{15CBE249-1376-4B1B-A5A0-BB4349697531}.AppStore|iPhoneSimulator.ActiveCfg = Debug|Any CPU
		{15CBE249-1376-4B1B-A5A0-BB4349697531}.AppStore|iPhoneSimulator.Build.0 = Debug|Any CPU
		{15CBE249-1376-4B1B-A5A0-BB4349697531}.AppStore|x64.ActiveCfg = Debug|Any CPU
		{15CBE249-1376-4B1B-A5A0-BB4349697531}.AppStore|x64.Build.0 = Debug|Any CPU
		{15CBE249-1376-4B1B-A5A0-BB4349697531}.AppStore|x86.ActiveCfg = Debug|Any CPU
		{15CBE249-1376-4B1B-A5A0-BB4349697531}.AppStore|x86.Build.0 = Debug|Any CPU
		{15CBE249-1376-4B1B-A5A0-BB4349697531}.Debug|Any CPU.ActiveCfg = Debug|Any CPU
		{15CBE249-1376-4B1B-A5A0-BB4349697531}.Debug|Any CPU.Build.0 = Debug|Any CPU
		{15CBE249-1376-4B1B-A5A0-BB4349697531}.Debug|ARM.ActiveCfg = Debug|Any CPU
		{15CBE249-1376-4B1B-A5A0-BB4349697531}.Debug|ARM.Build.0 = Debug|Any CPU
		{15CBE249-1376-4B1B-A5A0-BB4349697531}.Debug|ARM64.ActiveCfg = Debug|Any CPU
		{15CBE249-1376-4B1B-A5A0-BB4349697531}.Debug|ARM64.Build.0 = Debug|Any CPU
		{15CBE249-1376-4B1B-A5A0-BB4349697531}.Debug|iPhone.ActiveCfg = Debug|Any CPU
		{15CBE249-1376-4B1B-A5A0-BB4349697531}.Debug|iPhone.Build.0 = Debug|Any CPU
		{15CBE249-1376-4B1B-A5A0-BB4349697531}.Debug|iPhoneSimulator.ActiveCfg = Debug|Any CPU
		{15CBE249-1376-4B1B-A5A0-BB4349697531}.Debug|iPhoneSimulator.Build.0 = Debug|Any CPU
		{15CBE249-1376-4B1B-A5A0-BB4349697531}.Debug|x64.ActiveCfg = Debug|Any CPU
		{15CBE249-1376-4B1B-A5A0-BB4349697531}.Debug|x64.Build.0 = Debug|Any CPU
		{15CBE249-1376-4B1B-A5A0-BB4349697531}.Debug|x86.ActiveCfg = Debug|Any CPU
		{15CBE249-1376-4B1B-A5A0-BB4349697531}.Debug|x86.Build.0 = Debug|Any CPU
		{15CBE249-1376-4B1B-A5A0-BB4349697531}.Release|Any CPU.ActiveCfg = Release|Any CPU
		{15CBE249-1376-4B1B-A5A0-BB4349697531}.Release|Any CPU.Build.0 = Release|Any CPU
		{15CBE249-1376-4B1B-A5A0-BB4349697531}.Release|ARM.ActiveCfg = Release|Any CPU
		{15CBE249-1376-4B1B-A5A0-BB4349697531}.Release|ARM.Build.0 = Release|Any CPU
		{15CBE249-1376-4B1B-A5A0-BB4349697531}.Release|ARM64.ActiveCfg = Release|Any CPU
		{15CBE249-1376-4B1B-A5A0-BB4349697531}.Release|ARM64.Build.0 = Release|Any CPU
		{15CBE249-1376-4B1B-A5A0-BB4349697531}.Release|iPhone.ActiveCfg = Release|Any CPU
		{15CBE249-1376-4B1B-A5A0-BB4349697531}.Release|iPhone.Build.0 = Release|Any CPU
		{15CBE249-1376-4B1B-A5A0-BB4349697531}.Release|iPhoneSimulator.ActiveCfg = Release|Any CPU
		{15CBE249-1376-4B1B-A5A0-BB4349697531}.Release|iPhoneSimulator.Build.0 = Release|Any CPU
		{15CBE249-1376-4B1B-A5A0-BB4349697531}.Release|x64.ActiveCfg = Release|Any CPU
		{15CBE249-1376-4B1B-A5A0-BB4349697531}.Release|x64.Build.0 = Release|Any CPU
		{15CBE249-1376-4B1B-A5A0-BB4349697531}.Release|x86.ActiveCfg = Release|Any CPU
		{15CBE249-1376-4B1B-A5A0-BB4349697531}.Release|x86.Build.0 = Release|Any CPU
		{AD373C60-06B1-4586-8E24-AF38FD342D61}.Ad-Hoc|Any CPU.ActiveCfg = Debug|Any CPU
		{AD373C60-06B1-4586-8E24-AF38FD342D61}.Ad-Hoc|Any CPU.Build.0 = Debug|Any CPU
		{AD373C60-06B1-4586-8E24-AF38FD342D61}.Ad-Hoc|ARM.ActiveCfg = Debug|Any CPU
		{AD373C60-06B1-4586-8E24-AF38FD342D61}.Ad-Hoc|ARM.Build.0 = Debug|Any CPU
		{AD373C60-06B1-4586-8E24-AF38FD342D61}.Ad-Hoc|ARM64.ActiveCfg = Debug|Any CPU
		{AD373C60-06B1-4586-8E24-AF38FD342D61}.Ad-Hoc|ARM64.Build.0 = Debug|Any CPU
		{AD373C60-06B1-4586-8E24-AF38FD342D61}.Ad-Hoc|iPhone.ActiveCfg = Debug|Any CPU
		{AD373C60-06B1-4586-8E24-AF38FD342D61}.Ad-Hoc|iPhone.Build.0 = Debug|Any CPU
		{AD373C60-06B1-4586-8E24-AF38FD342D61}.Ad-Hoc|iPhoneSimulator.ActiveCfg = Debug|Any CPU
		{AD373C60-06B1-4586-8E24-AF38FD342D61}.Ad-Hoc|iPhoneSimulator.Build.0 = Debug|Any CPU
		{AD373C60-06B1-4586-8E24-AF38FD342D61}.Ad-Hoc|x64.ActiveCfg = Debug|Any CPU
		{AD373C60-06B1-4586-8E24-AF38FD342D61}.Ad-Hoc|x64.Build.0 = Debug|Any CPU
		{AD373C60-06B1-4586-8E24-AF38FD342D61}.Ad-Hoc|x86.ActiveCfg = Debug|Any CPU
		{AD373C60-06B1-4586-8E24-AF38FD342D61}.Ad-Hoc|x86.Build.0 = Debug|Any CPU
		{AD373C60-06B1-4586-8E24-AF38FD342D61}.AppStore|Any CPU.ActiveCfg = Debug|Any CPU
		{AD373C60-06B1-4586-8E24-AF38FD342D61}.AppStore|Any CPU.Build.0 = Debug|Any CPU
		{AD373C60-06B1-4586-8E24-AF38FD342D61}.AppStore|ARM.ActiveCfg = Debug|Any CPU
		{AD373C60-06B1-4586-8E24-AF38FD342D61}.AppStore|ARM.Build.0 = Debug|Any CPU
		{AD373C60-06B1-4586-8E24-AF38FD342D61}.AppStore|ARM64.ActiveCfg = Debug|Any CPU
		{AD373C60-06B1-4586-8E24-AF38FD342D61}.AppStore|ARM64.Build.0 = Debug|Any CPU
		{AD373C60-06B1-4586-8E24-AF38FD342D61}.AppStore|iPhone.ActiveCfg = Debug|Any CPU
		{AD373C60-06B1-4586-8E24-AF38FD342D61}.AppStore|iPhone.Build.0 = Debug|Any CPU
		{AD373C60-06B1-4586-8E24-AF38FD342D61}.AppStore|iPhoneSimulator.ActiveCfg = Debug|Any CPU
		{AD373C60-06B1-4586-8E24-AF38FD342D61}.AppStore|iPhoneSimulator.Build.0 = Debug|Any CPU
		{AD373C60-06B1-4586-8E24-AF38FD342D61}.AppStore|x64.ActiveCfg = Debug|Any CPU
		{AD373C60-06B1-4586-8E24-AF38FD342D61}.AppStore|x64.Build.0 = Debug|Any CPU
		{AD373C60-06B1-4586-8E24-AF38FD342D61}.AppStore|x86.ActiveCfg = Debug|Any CPU
		{AD373C60-06B1-4586-8E24-AF38FD342D61}.AppStore|x86.Build.0 = Debug|Any CPU
		{AD373C60-06B1-4586-8E24-AF38FD342D61}.Debug|Any CPU.ActiveCfg = Debug|Any CPU
		{AD373C60-06B1-4586-8E24-AF38FD342D61}.Debug|Any CPU.Build.0 = Debug|Any CPU
		{AD373C60-06B1-4586-8E24-AF38FD342D61}.Debug|ARM.ActiveCfg = Debug|Any CPU
		{AD373C60-06B1-4586-8E24-AF38FD342D61}.Debug|ARM.Build.0 = Debug|Any CPU
		{AD373C60-06B1-4586-8E24-AF38FD342D61}.Debug|ARM64.ActiveCfg = Debug|Any CPU
		{AD373C60-06B1-4586-8E24-AF38FD342D61}.Debug|ARM64.Build.0 = Debug|Any CPU
		{AD373C60-06B1-4586-8E24-AF38FD342D61}.Debug|iPhone.ActiveCfg = Debug|Any CPU
		{AD373C60-06B1-4586-8E24-AF38FD342D61}.Debug|iPhone.Build.0 = Debug|Any CPU
		{AD373C60-06B1-4586-8E24-AF38FD342D61}.Debug|iPhoneSimulator.ActiveCfg = Debug|Any CPU
		{AD373C60-06B1-4586-8E24-AF38FD342D61}.Debug|iPhoneSimulator.Build.0 = Debug|Any CPU
		{AD373C60-06B1-4586-8E24-AF38FD342D61}.Debug|x64.ActiveCfg = Debug|Any CPU
		{AD373C60-06B1-4586-8E24-AF38FD342D61}.Debug|x64.Build.0 = Debug|Any CPU
		{AD373C60-06B1-4586-8E24-AF38FD342D61}.Debug|x86.ActiveCfg = Debug|Any CPU
		{AD373C60-06B1-4586-8E24-AF38FD342D61}.Debug|x86.Build.0 = Debug|Any CPU
		{AD373C60-06B1-4586-8E24-AF38FD342D61}.Release|Any CPU.ActiveCfg = Release|Any CPU
		{AD373C60-06B1-4586-8E24-AF38FD342D61}.Release|Any CPU.Build.0 = Release|Any CPU
		{AD373C60-06B1-4586-8E24-AF38FD342D61}.Release|ARM.ActiveCfg = Release|Any CPU
		{AD373C60-06B1-4586-8E24-AF38FD342D61}.Release|ARM.Build.0 = Release|Any CPU
		{AD373C60-06B1-4586-8E24-AF38FD342D61}.Release|ARM64.ActiveCfg = Release|Any CPU
		{AD373C60-06B1-4586-8E24-AF38FD342D61}.Release|ARM64.Build.0 = Release|Any CPU
		{AD373C60-06B1-4586-8E24-AF38FD342D61}.Release|iPhone.ActiveCfg = Release|Any CPU
		{AD373C60-06B1-4586-8E24-AF38FD342D61}.Release|iPhone.Build.0 = Release|Any CPU
		{AD373C60-06B1-4586-8E24-AF38FD342D61}.Release|iPhoneSimulator.ActiveCfg = Release|Any CPU
		{AD373C60-06B1-4586-8E24-AF38FD342D61}.Release|iPhoneSimulator.Build.0 = Release|Any CPU
		{AD373C60-06B1-4586-8E24-AF38FD342D61}.Release|x64.ActiveCfg = Release|Any CPU
		{AD373C60-06B1-4586-8E24-AF38FD342D61}.Release|x64.Build.0 = Release|Any CPU
		{AD373C60-06B1-4586-8E24-AF38FD342D61}.Release|x86.ActiveCfg = Release|Any CPU
		{AD373C60-06B1-4586-8E24-AF38FD342D61}.Release|x86.Build.0 = Release|Any CPU
		{7FB65FEF-6DFA-4E5F-A7E9-712F6A862BF5}.Ad-Hoc|Any CPU.ActiveCfg = Debug|Any CPU
		{7FB65FEF-6DFA-4E5F-A7E9-712F6A862BF5}.Ad-Hoc|Any CPU.Build.0 = Debug|Any CPU
		{7FB65FEF-6DFA-4E5F-A7E9-712F6A862BF5}.Ad-Hoc|ARM.ActiveCfg = Debug|Any CPU
		{7FB65FEF-6DFA-4E5F-A7E9-712F6A862BF5}.Ad-Hoc|ARM.Build.0 = Debug|Any CPU
		{7FB65FEF-6DFA-4E5F-A7E9-712F6A862BF5}.Ad-Hoc|ARM64.ActiveCfg = Debug|Any CPU
		{7FB65FEF-6DFA-4E5F-A7E9-712F6A862BF5}.Ad-Hoc|ARM64.Build.0 = Debug|Any CPU
		{7FB65FEF-6DFA-4E5F-A7E9-712F6A862BF5}.Ad-Hoc|iPhone.ActiveCfg = Debug|Any CPU
		{7FB65FEF-6DFA-4E5F-A7E9-712F6A862BF5}.Ad-Hoc|iPhone.Build.0 = Debug|Any CPU
		{7FB65FEF-6DFA-4E5F-A7E9-712F6A862BF5}.Ad-Hoc|iPhoneSimulator.ActiveCfg = Debug|Any CPU
		{7FB65FEF-6DFA-4E5F-A7E9-712F6A862BF5}.Ad-Hoc|iPhoneSimulator.Build.0 = Debug|Any CPU
		{7FB65FEF-6DFA-4E5F-A7E9-712F6A862BF5}.Ad-Hoc|x64.ActiveCfg = Debug|Any CPU
		{7FB65FEF-6DFA-4E5F-A7E9-712F6A862BF5}.Ad-Hoc|x64.Build.0 = Debug|Any CPU
		{7FB65FEF-6DFA-4E5F-A7E9-712F6A862BF5}.Ad-Hoc|x86.ActiveCfg = Debug|Any CPU
		{7FB65FEF-6DFA-4E5F-A7E9-712F6A862BF5}.Ad-Hoc|x86.Build.0 = Debug|Any CPU
		{7FB65FEF-6DFA-4E5F-A7E9-712F6A862BF5}.AppStore|Any CPU.ActiveCfg = Debug|Any CPU
		{7FB65FEF-6DFA-4E5F-A7E9-712F6A862BF5}.AppStore|Any CPU.Build.0 = Debug|Any CPU
		{7FB65FEF-6DFA-4E5F-A7E9-712F6A862BF5}.AppStore|ARM.ActiveCfg = Debug|Any CPU
		{7FB65FEF-6DFA-4E5F-A7E9-712F6A862BF5}.AppStore|ARM.Build.0 = Debug|Any CPU
		{7FB65FEF-6DFA-4E5F-A7E9-712F6A862BF5}.AppStore|ARM64.ActiveCfg = Debug|Any CPU
		{7FB65FEF-6DFA-4E5F-A7E9-712F6A862BF5}.AppStore|ARM64.Build.0 = Debug|Any CPU
		{7FB65FEF-6DFA-4E5F-A7E9-712F6A862BF5}.AppStore|iPhone.ActiveCfg = Debug|Any CPU
		{7FB65FEF-6DFA-4E5F-A7E9-712F6A862BF5}.AppStore|iPhone.Build.0 = Debug|Any CPU
		{7FB65FEF-6DFA-4E5F-A7E9-712F6A862BF5}.AppStore|iPhoneSimulator.ActiveCfg = Debug|Any CPU
		{7FB65FEF-6DFA-4E5F-A7E9-712F6A862BF5}.AppStore|iPhoneSimulator.Build.0 = Debug|Any CPU
		{7FB65FEF-6DFA-4E5F-A7E9-712F6A862BF5}.AppStore|x64.ActiveCfg = Debug|Any CPU
		{7FB65FEF-6DFA-4E5F-A7E9-712F6A862BF5}.AppStore|x64.Build.0 = Debug|Any CPU
		{7FB65FEF-6DFA-4E5F-A7E9-712F6A862BF5}.AppStore|x86.ActiveCfg = Debug|Any CPU
		{7FB65FEF-6DFA-4E5F-A7E9-712F6A862BF5}.AppStore|x86.Build.0 = Debug|Any CPU
		{7FB65FEF-6DFA-4E5F-A7E9-712F6A862BF5}.Debug|Any CPU.ActiveCfg = Debug|Any CPU
		{7FB65FEF-6DFA-4E5F-A7E9-712F6A862BF5}.Debug|Any CPU.Build.0 = Debug|Any CPU
		{7FB65FEF-6DFA-4E5F-A7E9-712F6A862BF5}.Debug|ARM.ActiveCfg = Debug|Any CPU
		{7FB65FEF-6DFA-4E5F-A7E9-712F6A862BF5}.Debug|ARM.Build.0 = Debug|Any CPU
		{7FB65FEF-6DFA-4E5F-A7E9-712F6A862BF5}.Debug|ARM64.ActiveCfg = Debug|Any CPU
		{7FB65FEF-6DFA-4E5F-A7E9-712F6A862BF5}.Debug|ARM64.Build.0 = Debug|Any CPU
		{7FB65FEF-6DFA-4E5F-A7E9-712F6A862BF5}.Debug|iPhone.ActiveCfg = Debug|Any CPU
		{7FB65FEF-6DFA-4E5F-A7E9-712F6A862BF5}.Debug|iPhone.Build.0 = Debug|Any CPU
		{7FB65FEF-6DFA-4E5F-A7E9-712F6A862BF5}.Debug|iPhoneSimulator.ActiveCfg = Debug|Any CPU
		{7FB65FEF-6DFA-4E5F-A7E9-712F6A862BF5}.Debug|iPhoneSimulator.Build.0 = Debug|Any CPU
		{7FB65FEF-6DFA-4E5F-A7E9-712F6A862BF5}.Debug|x64.ActiveCfg = Debug|Any CPU
		{7FB65FEF-6DFA-4E5F-A7E9-712F6A862BF5}.Debug|x64.Build.0 = Debug|Any CPU
		{7FB65FEF-6DFA-4E5F-A7E9-712F6A862BF5}.Debug|x86.ActiveCfg = Debug|Any CPU
		{7FB65FEF-6DFA-4E5F-A7E9-712F6A862BF5}.Debug|x86.Build.0 = Debug|Any CPU
		{7FB65FEF-6DFA-4E5F-A7E9-712F6A862BF5}.Release|Any CPU.ActiveCfg = Release|Any CPU
		{7FB65FEF-6DFA-4E5F-A7E9-712F6A862BF5}.Release|Any CPU.Build.0 = Release|Any CPU
		{7FB65FEF-6DFA-4E5F-A7E9-712F6A862BF5}.Release|ARM.ActiveCfg = Release|Any CPU
		{7FB65FEF-6DFA-4E5F-A7E9-712F6A862BF5}.Release|ARM.Build.0 = Release|Any CPU
		{7FB65FEF-6DFA-4E5F-A7E9-712F6A862BF5}.Release|ARM64.ActiveCfg = Release|Any CPU
		{7FB65FEF-6DFA-4E5F-A7E9-712F6A862BF5}.Release|ARM64.Build.0 = Release|Any CPU
		{7FB65FEF-6DFA-4E5F-A7E9-712F6A862BF5}.Release|iPhone.ActiveCfg = Release|Any CPU
		{7FB65FEF-6DFA-4E5F-A7E9-712F6A862BF5}.Release|iPhone.Build.0 = Release|Any CPU
		{7FB65FEF-6DFA-4E5F-A7E9-712F6A862BF5}.Release|iPhoneSimulator.ActiveCfg = Release|Any CPU
		{7FB65FEF-6DFA-4E5F-A7E9-712F6A862BF5}.Release|iPhoneSimulator.Build.0 = Release|Any CPU
		{7FB65FEF-6DFA-4E5F-A7E9-712F6A862BF5}.Release|x64.ActiveCfg = Release|Any CPU
		{7FB65FEF-6DFA-4E5F-A7E9-712F6A862BF5}.Release|x64.Build.0 = Release|Any CPU
		{7FB65FEF-6DFA-4E5F-A7E9-712F6A862BF5}.Release|x86.ActiveCfg = Release|Any CPU
		{7FB65FEF-6DFA-4E5F-A7E9-712F6A862BF5}.Release|x86.Build.0 = Release|Any CPU
		{7F912CC0-8177-4B29-BD3D-8BCC44F320A6}.Ad-Hoc|Any CPU.ActiveCfg = Debug|Any CPU
		{7F912CC0-8177-4B29-BD3D-8BCC44F320A6}.Ad-Hoc|Any CPU.Build.0 = Debug|Any CPU
		{7F912CC0-8177-4B29-BD3D-8BCC44F320A6}.Ad-Hoc|ARM.ActiveCfg = Debug|Any CPU
		{7F912CC0-8177-4B29-BD3D-8BCC44F320A6}.Ad-Hoc|ARM.Build.0 = Debug|Any CPU
		{7F912CC0-8177-4B29-BD3D-8BCC44F320A6}.Ad-Hoc|ARM64.ActiveCfg = Debug|Any CPU
		{7F912CC0-8177-4B29-BD3D-8BCC44F320A6}.Ad-Hoc|ARM64.Build.0 = Debug|Any CPU
		{7F912CC0-8177-4B29-BD3D-8BCC44F320A6}.Ad-Hoc|iPhone.ActiveCfg = Debug|Any CPU
		{7F912CC0-8177-4B29-BD3D-8BCC44F320A6}.Ad-Hoc|iPhone.Build.0 = Debug|Any CPU
		{7F912CC0-8177-4B29-BD3D-8BCC44F320A6}.Ad-Hoc|iPhoneSimulator.ActiveCfg = Debug|Any CPU
		{7F912CC0-8177-4B29-BD3D-8BCC44F320A6}.Ad-Hoc|iPhoneSimulator.Build.0 = Debug|Any CPU
		{7F912CC0-8177-4B29-BD3D-8BCC44F320A6}.Ad-Hoc|x64.ActiveCfg = Debug|Any CPU
		{7F912CC0-8177-4B29-BD3D-8BCC44F320A6}.Ad-Hoc|x64.Build.0 = Debug|Any CPU
		{7F912CC0-8177-4B29-BD3D-8BCC44F320A6}.Ad-Hoc|x86.ActiveCfg = Debug|Any CPU
		{7F912CC0-8177-4B29-BD3D-8BCC44F320A6}.Ad-Hoc|x86.Build.0 = Debug|Any CPU
		{7F912CC0-8177-4B29-BD3D-8BCC44F320A6}.AppStore|Any CPU.ActiveCfg = Debug|Any CPU
		{7F912CC0-8177-4B29-BD3D-8BCC44F320A6}.AppStore|Any CPU.Build.0 = Debug|Any CPU
		{7F912CC0-8177-4B29-BD3D-8BCC44F320A6}.AppStore|ARM.ActiveCfg = Debug|Any CPU
		{7F912CC0-8177-4B29-BD3D-8BCC44F320A6}.AppStore|ARM.Build.0 = Debug|Any CPU
		{7F912CC0-8177-4B29-BD3D-8BCC44F320A6}.AppStore|ARM64.ActiveCfg = Debug|Any CPU
		{7F912CC0-8177-4B29-BD3D-8BCC44F320A6}.AppStore|ARM64.Build.0 = Debug|Any CPU
		{7F912CC0-8177-4B29-BD3D-8BCC44F320A6}.AppStore|iPhone.ActiveCfg = Debug|Any CPU
		{7F912CC0-8177-4B29-BD3D-8BCC44F320A6}.AppStore|iPhone.Build.0 = Debug|Any CPU
		{7F912CC0-8177-4B29-BD3D-8BCC44F320A6}.AppStore|iPhoneSimulator.ActiveCfg = Debug|Any CPU
		{7F912CC0-8177-4B29-BD3D-8BCC44F320A6}.AppStore|iPhoneSimulator.Build.0 = Debug|Any CPU
		{7F912CC0-8177-4B29-BD3D-8BCC44F320A6}.AppStore|x64.ActiveCfg = Debug|Any CPU
		{7F912CC0-8177-4B29-BD3D-8BCC44F320A6}.AppStore|x64.Build.0 = Debug|Any CPU
		{7F912CC0-8177-4B29-BD3D-8BCC44F320A6}.AppStore|x86.ActiveCfg = Debug|Any CPU
		{7F912CC0-8177-4B29-BD3D-8BCC44F320A6}.AppStore|x86.Build.0 = Debug|Any CPU
		{7F912CC0-8177-4B29-BD3D-8BCC44F320A6}.Debug|Any CPU.ActiveCfg = Debug|Any CPU
		{7F912CC0-8177-4B29-BD3D-8BCC44F320A6}.Debug|Any CPU.Build.0 = Debug|Any CPU
		{7F912CC0-8177-4B29-BD3D-8BCC44F320A6}.Debug|ARM.ActiveCfg = Debug|Any CPU
		{7F912CC0-8177-4B29-BD3D-8BCC44F320A6}.Debug|ARM.Build.0 = Debug|Any CPU
		{7F912CC0-8177-4B29-BD3D-8BCC44F320A6}.Debug|ARM64.ActiveCfg = Debug|Any CPU
		{7F912CC0-8177-4B29-BD3D-8BCC44F320A6}.Debug|ARM64.Build.0 = Debug|Any CPU
		{7F912CC0-8177-4B29-BD3D-8BCC44F320A6}.Debug|iPhone.ActiveCfg = Debug|Any CPU
		{7F912CC0-8177-4B29-BD3D-8BCC44F320A6}.Debug|iPhone.Build.0 = Debug|Any CPU
		{7F912CC0-8177-4B29-BD3D-8BCC44F320A6}.Debug|iPhoneSimulator.ActiveCfg = Debug|Any CPU
		{7F912CC0-8177-4B29-BD3D-8BCC44F320A6}.Debug|iPhoneSimulator.Build.0 = Debug|Any CPU
		{7F912CC0-8177-4B29-BD3D-8BCC44F320A6}.Debug|x64.ActiveCfg = Debug|Any CPU
		{7F912CC0-8177-4B29-BD3D-8BCC44F320A6}.Debug|x64.Build.0 = Debug|Any CPU
		{7F912CC0-8177-4B29-BD3D-8BCC44F320A6}.Debug|x86.ActiveCfg = Debug|Any CPU
		{7F912CC0-8177-4B29-BD3D-8BCC44F320A6}.Debug|x86.Build.0 = Debug|Any CPU
		{7F912CC0-8177-4B29-BD3D-8BCC44F320A6}.Release|Any CPU.ActiveCfg = Release|Any CPU
		{7F912CC0-8177-4B29-BD3D-8BCC44F320A6}.Release|Any CPU.Build.0 = Release|Any CPU
		{7F912CC0-8177-4B29-BD3D-8BCC44F320A6}.Release|ARM.ActiveCfg = Release|Any CPU
		{7F912CC0-8177-4B29-BD3D-8BCC44F320A6}.Release|ARM.Build.0 = Release|Any CPU
		{7F912CC0-8177-4B29-BD3D-8BCC44F320A6}.Release|ARM64.ActiveCfg = Release|Any CPU
		{7F912CC0-8177-4B29-BD3D-8BCC44F320A6}.Release|ARM64.Build.0 = Release|Any CPU
		{7F912CC0-8177-4B29-BD3D-8BCC44F320A6}.Release|iPhone.ActiveCfg = Release|Any CPU
		{7F912CC0-8177-4B29-BD3D-8BCC44F320A6}.Release|iPhone.Build.0 = Release|Any CPU
		{7F912CC0-8177-4B29-BD3D-8BCC44F320A6}.Release|iPhoneSimulator.ActiveCfg = Release|Any CPU
		{7F912CC0-8177-4B29-BD3D-8BCC44F320A6}.Release|iPhoneSimulator.Build.0 = Release|Any CPU
		{7F912CC0-8177-4B29-BD3D-8BCC44F320A6}.Release|x64.ActiveCfg = Release|Any CPU
		{7F912CC0-8177-4B29-BD3D-8BCC44F320A6}.Release|x64.Build.0 = Release|Any CPU
		{7F912CC0-8177-4B29-BD3D-8BCC44F320A6}.Release|x86.ActiveCfg = Release|Any CPU
		{7F912CC0-8177-4B29-BD3D-8BCC44F320A6}.Release|x86.Build.0 = Release|Any CPU
	EndGlobalSection
	GlobalSection(SolutionProperties) = preSolution
		HideSolutionNode = FALSE
	EndGlobalSection
	GlobalSection(NestedProjects) = preSolution
		{4D92DA96-D3EA-4245-9CB8-7EC751534051} = {E9565332-ECC6-45FD-B7FA-FF9F1D2BD840}
		{E4F80F96-72A9-4F1E-B4AC-158CD520ACBC} = {E9565332-ECC6-45FD-B7FA-FF9F1D2BD840}
		{37C55CCA-D22A-4312-9F83-F9D884213737} = {E9565332-ECC6-45FD-B7FA-FF9F1D2BD840}
		{ACB391D1-545C-41CE-81EF-0A89158B5715} = {E9565332-ECC6-45FD-B7FA-FF9F1D2BD840}
		{D8F0D0DC-F62E-4AB1-AF4C-B82E6ED9655F} = {E9565332-ECC6-45FD-B7FA-FF9F1D2BD840}
		{15CBE249-1376-4B1B-A5A0-BB4349697531} = {E9565332-ECC6-45FD-B7FA-FF9F1D2BD840}
		{AD373C60-06B1-4586-8E24-AF38FD342D61} = {E9565332-ECC6-45FD-B7FA-FF9F1D2BD840}
		{7FB65FEF-6DFA-4E5F-A7E9-712F6A862BF5} = {E9565332-ECC6-45FD-B7FA-FF9F1D2BD840}
		{7F912CC0-8177-4B29-BD3D-8BCC44F320A6} = {E9565332-ECC6-45FD-B7FA-FF9F1D2BD840}
	EndGlobalSection
	GlobalSection(ExtensibilityGlobals) = postSolution
		SolutionGuid = {D2922B59-77EC-4A15-8360-297477F53E7B}
	EndGlobalSection
	GlobalSection(SharedMSBuildProjectFiles) = preSolution
		Tutorial2\Tutorial2.Shared\Tutorial2.Shared.projitems*{37c55cca-d22a-4312-9f83-f9d884213737}*SharedItemsImports = 4
		Tutorial2\Tutorial2.Shared\Tutorial2.Shared.projitems*{4d92da96-d3ea-4245-9cb8-7ec751534051}*SharedItemsImports = 4
		Tutorial2\Tutorial2.Shared\Tutorial2.Shared.projitems*{6279c845-92f8-4333-ab99-3d213163593c}*SharedItemsImports = 13
		Tutorial2\Tutorial2.Shared\Tutorial2.Shared.projitems*{7f912cc0-8177-4b29-bd3d-8bcc44f320a6}*SharedItemsImports = 5
		Tutorial2\Tutorial2.Shared\Tutorial2.Shared.projitems*{7fb65fef-6dfa-4e5f-a7e9-712f6a862bf5}*SharedItemsImports = 5
		Tutorial2\Tutorial2.Shared\Tutorial2.Shared.projitems*{acb391d1-545c-41ce-81ef-0a89158b5715}*SharedItemsImports = 5
		Tutorial2\Tutorial2.Shared\Tutorial2.Shared.projitems*{ad373c60-06b1-4586-8e24-af38fd342d61}*SharedItemsImports = 5
		Tutorial2\Tutorial2.Shared\Tutorial2.Shared.projitems*{d8f0d0dc-f62e-4ab1-af4c-b82e6ed9655f}*SharedItemsImports = 4
		Tutorial2\Tutorial2.Shared\Tutorial2.Shared.projitems*{e4f80f96-72a9-4f1e-b4ac-158cd520acbc}*SharedItemsImports = 4
	EndGlobalSection
EndGlobal
